
Microsoft Visual Studio Solution File, Format Version 12.00
# Visual Studio Version 16
VisualStudioVersion = 16.0.28729.10
MinimumVisualStudioVersion = 10.0.40219.1
Project("{FAE04EC0-301F-11D3-BF4B-00C04F79EFBC}") = "UWPSharedPanel", "UWPSharedPanel\UWPSharedPanel.csproj", "{46762CD8-52D6-4031-BE16-1667E9945D61}"
EndProject
Project("{9A19103F-16F7-4668-BE54-9A1E7A4F7556}") = "TestWPFApp", "TestWPFApp\TestWPFApp.csproj", "{E7CB310D-E359-48A4-9A34-11E8C90AAAFF}"
EndProject
Project("{C7167F0D-BC9F-4E6E-AFE1-012C56B48DB5}") = "packageproject", "packageproject\packageproject.wapproj", "{C445247F-DAA6-4D4C-BFE4-106C7505D0F7}"
EndProject
Project("{2150E333-8FDC-42A3-9474-1A3956D46DE8}") = "Solution Items", "Solution Items", "{11F8CE7B-5DE6-4372-AA85-6D00BAB28D4A}"
	ProjectSection(SolutionItems) = preProject
		Global.json = Global.json
	EndProjectSection
EndProject
Project("{FAE04EC0-301F-11D3-BF4B-00C04F79EFBC}") = "EFApp", "EFApp\EFApp.csproj", "{CE8FDB06-2A27-431B-BC4B-A126D538FF88}"
EndProject
Global
	GlobalSection(SolutionConfigurationPlatforms) = preSolution
		Debug|Any CPU = Debug|Any CPU
		Debug|ARM = Debug|ARM
		Debug|ARM64 = Debug|ARM64
		Debug|x64 = Debug|x64
		Debug|x86 = Debug|x86
		Release|Any CPU = Release|Any CPU
		Release|ARM = Release|ARM
		Release|ARM64 = Release|ARM64
		Release|x64 = Release|x64
		Release|x86 = Release|x86
	EndGlobalSection
	GlobalSection(ProjectConfigurationPlatforms) = postSolution
		{46762CD8-52D6-4031-BE16-1667E9945D61}.Debug|Any CPU.ActiveCfg = Debug|Any CPU
		{46762CD8-52D6-4031-BE16-1667E9945D61}.Debug|Any CPU.Build.0 = Debug|Any CPU
		{46762CD8-52D6-4031-BE16-1667E9945D61}.Debug|ARM.ActiveCfg = Debug|ARM
		{46762CD8-52D6-4031-BE16-1667E9945D61}.Debug|ARM.Build.0 = Debug|ARM
		{46762CD8-52D6-4031-BE16-1667E9945D61}.Debug|ARM64.ActiveCfg = Debug|ARM64
		{46762CD8-52D6-4031-BE16-1667E9945D61}.Debug|ARM64.Build.0 = Debug|ARM64
		{46762CD8-52D6-4031-BE16-1667E9945D61}.Debug|x64.ActiveCfg = Debug|x64
		{46762CD8-52D6-4031-BE16-1667E9945D61}.Debug|x64.Build.0 = Debug|x64
		{46762CD8-52D6-4031-BE16-1667E9945D61}.Debug|x86.ActiveCfg = Debug|x86
		{46762CD8-52D6-4031-BE16-1667E9945D61}.Debug|x86.Build.0 = Debug|x86
		{46762CD8-52D6-4031-BE16-1667E9945D61}.Release|Any CPU.ActiveCfg = Release|Any CPU
		{46762CD8-52D6-4031-BE16-1667E9945D61}.Release|Any CPU.Build.0 = Release|Any CPU
		{46762CD8-52D6-4031-BE16-1667E9945D61}.Release|ARM.ActiveCfg = Release|ARM
		{46762CD8-52D6-4031-BE16-1667E9945D61}.Release|ARM.Build.0 = Release|ARM
		{46762CD8-52D6-4031-BE16-1667E9945D61}.Release|ARM64.ActiveCfg = Release|ARM64
		{46762CD8-52D6-4031-BE16-1667E9945D61}.Release|ARM64.Build.0 = Release|ARM64
		{46762CD8-52D6-4031-BE16-1667E9945D61}.Release|x64.ActiveCfg = Release|x64
		{46762CD8-52D6-4031-BE16-1667E9945D61}.Release|x64.Build.0 = Release|x64
		{46762CD8-52D6-4031-BE16-1667E9945D61}.Release|x86.ActiveCfg = Release|x86
		{46762CD8-52D6-4031-BE16-1667E9945D61}.Release|x86.Build.0 = Release|x86
		{E7CB310D-E359-48A4-9A34-11E8C90AAAFF}.Debug|Any CPU.ActiveCfg = Debug|Any CPU
		{E7CB310D-E359-48A4-9A34-11E8C90AAAFF}.Debug|Any CPU.Build.0 = Debug|Any CPU
		{E7CB310D-E359-48A4-9A34-11E8C90AAAFF}.Debug|ARM.ActiveCfg = Debug|Any CPU
		{E7CB310D-E359-48A4-9A34-11E8C90AAAFF}.Debug|ARM.Build.0 = Debug|Any CPU
		{E7CB310D-E359-48A4-9A34-11E8C90AAAFF}.Debug|ARM64.ActiveCfg = Debug|Any CPU
		{E7CB310D-E359-48A4-9A34-11E8C90AAAFF}.Debug|ARM64.Build.0 = Debug|Any CPU
		{E7CB310D-E359-48A4-9A34-11E8C90AAAFF}.Debug|x64.ActiveCfg = Debug|Any CPU
		{E7CB310D-E359-48A4-9A34-11E8C90AAAFF}.Debug|x64.Build.0 = Debug|Any CPU
		{E7CB310D-E359-48A4-9A34-11E8C90AAAFF}.Debug|x86.ActiveCfg = Debug|x86
		{E7CB310D-E359-48A4-9A34-11E8C90AAAFF}.Debug|x86.Build.0 = Debug|x86
		{E7CB310D-E359-48A4-9A34-11E8C90AAAFF}.Release|Any CPU.ActiveCfg = Release|Any CPU
		{E7CB310D-E359-48A4-9A34-11E8C90AAAFF}.Release|Any CPU.Build.0 = Release|Any CPU
		{E7CB310D-E359-48A4-9A34-11E8C90AAAFF}.Release|ARM.ActiveCfg = Release|Any CPU
		{E7CB310D-E359-48A4-9A34-11E8C90AAAFF}.Release|ARM.Build.0 = Release|Any CPU
		{E7CB310D-E359-48A4-9A34-11E8C90AAAFF}.Release|ARM64.ActiveCfg = Release|Any CPU
		{E7CB310D-E359-48A4-9A34-11E8C90AAAFF}.Release|ARM64.Build.0 = Release|Any CPU
		{E7CB310D-E359-48A4-9A34-11E8C90AAAFF}.Release|x64.ActiveCfg = Release|Any CPU
		{E7CB310D-E359-48A4-9A34-11E8C90AAAFF}.Release|x64.Build.0 = Release|Any CPU
		{E7CB310D-E359-48A4-9A34-11E8C90AAAFF}.Release|x86.ActiveCfg = Release|Any CPU
		{E7CB310D-E359-48A4-9A34-11E8C90AAAFF}.Release|x86.Build.0 = Release|Any CPU
		{C445247F-DAA6-4D4C-BFE4-106C7505D0F7}.Debug|Any CPU.ActiveCfg = Debug|Any CPU
		{C445247F-DAA6-4D4C-BFE4-106C7505D0F7}.Debug|Any CPU.Build.0 = Debug|Any CPU
		{C445247F-DAA6-4D4C-BFE4-106C7505D0F7}.Debug|Any CPU.Deploy.0 = Debug|Any CPU
		{C445247F-DAA6-4D4C-BFE4-106C7505D0F7}.Debug|ARM.ActiveCfg = Debug|ARM
		{C445247F-DAA6-4D4C-BFE4-106C7505D0F7}.Debug|ARM.Build.0 = Debug|ARM
		{C445247F-DAA6-4D4C-BFE4-106C7505D0F7}.Debug|ARM.Deploy.0 = Debug|ARM
		{C445247F-DAA6-4D4C-BFE4-106C7505D0F7}.Debug|ARM64.ActiveCfg = Debug|ARM64
		{C445247F-DAA6-4D4C-BFE4-106C7505D0F7}.Debug|ARM64.Build.0 = Debug|ARM64
		{C445247F-DAA6-4D4C-BFE4-106C7505D0F7}.Debug|ARM64.Deploy.0 = Debug|ARM64
		{C445247F-DAA6-4D4C-BFE4-106C7505D0F7}.Debug|x64.ActiveCfg = Debug|x64
		{C445247F-DAA6-4D4C-BFE4-106C7505D0F7}.Debug|x64.Build.0 = Debug|x64
		{C445247F-DAA6-4D4C-BFE4-106C7505D0F7}.Debug|x64.Deploy.0 = Debug|x64
		{C445247F-DAA6-4D4C-BFE4-106C7505D0F7}.Debug|x86.ActiveCfg = Debug|x86
		{C445247F-DAA6-4D4C-BFE4-106C7505D0F7}.Debug|x86.Build.0 = Debug|x86
		{C445247F-DAA6-4D4C-BFE4-106C7505D0F7}.Debug|x86.Deploy.0 = Debug|x86
		{C445247F-DAA6-4D4C-BFE4-106C7505D0F7}.Release|Any CPU.ActiveCfg = Release|Any CPU
		{C445247F-DAA6-4D4C-BFE4-106C7505D0F7}.Release|Any CPU.Build.0 = Release|Any CPU
		{C445247F-DAA6-4D4C-BFE4-106C7505D0F7}.Release|Any CPU.Deploy.0 = Release|Any CPU
		{C445247F-DAA6-4D4C-BFE4-106C7505D0F7}.Release|ARM.ActiveCfg = Release|ARM
		{C445247F-DAA6-4D4C-BFE4-106C7505D0F7}.Release|ARM.Build.0 = Release|ARM
		{C445247F-DAA6-4D4C-BFE4-106C7505D0F7}.Release|ARM.Deploy.0 = Release|ARM
		{C445247F-DAA6-4D4C-BFE4-106C7505D0F7}.Release|ARM64.ActiveCfg = Release|ARM64
		{C445247F-DAA6-4D4C-BFE4-106C7505D0F7}.Release|ARM64.Build.0 = Release|ARM64
		{C445247F-DAA6-4D4C-BFE4-106C7505D0F7}.Release|ARM64.Deploy.0 = Release|ARM64
		{C445247F-DAA6-4D4C-BFE4-106C7505D0F7}.Release|x64.ActiveCfg = Release|x64
		{C445247F-DAA6-4D4C-BFE4-106C7505D0F7}.Release|x64.Build.0 = Release|x64
		{C445247F-DAA6-4D4C-BFE4-106C7505D0F7}.Release|x64.Deploy.0 = Release|x64
		{C445247F-DAA6-4D4C-BFE4-106C7505D0F7}.Release|x86.ActiveCfg = Release|x86
		{C445247F-DAA6-4D4C-BFE4-106C7505D0F7}.Release|x86.Build.0 = Release|x86
		{C445247F-DAA6-4D4C-BFE4-106C7505D0F7}.Release|x86.Deploy.0 = Release|x86
		{CE8FDB06-2A27-431B-BC4B-A126D538FF88}.Debug|Any CPU.ActiveCfg = Debug|x86
		{CE8FDB06-2A27-431B-BC4B-A126D538FF88}.Debug|ARM.ActiveCfg = Debug|ARM
		{CE8FDB06-2A27-431B-BC4B-A126D538FF88}.Debug|ARM.Build.0 = Debug|ARM
		{CE8FDB06-2A27-431B-BC4B-A126D538FF88}.Debug|ARM.Deploy.0 = Debug|ARM
		{CE8FDB06-2A27-431B-BC4B-A126D538FF88}.Debug|ARM64.ActiveCfg = Debug|ARM64
		{CE8FDB06-2A27-431B-BC4B-A126D538FF88}.Debug|ARM64.Build.0 = Debug|ARM64
		{CE8FDB06-2A27-431B-BC4B-A126D538FF88}.Debug|ARM64.Deploy.0 = Debug|ARM64
		{CE8FDB06-2A27-431B-BC4B-A126D538FF88}.Debug|x64.ActiveCfg = Debug|x64
		{CE8FDB06-2A27-431B-BC4B-A126D538FF88}.Debug|x64.Build.0 = Debug|x64
		{CE8FDB06-2A27-431B-BC4B-A126D538FF88}.Debug|x64.Deploy.0 = Debug|x64
		{CE8FDB06-2A27-431B-BC4B-A126D538FF88}.Debug|x86.ActiveCfg = Debug|x86
		{CE8FDB06-2A27-431B-BC4B-A126D538FF88}.Debug|x86.Build.0 = Debug|x86
		{CE8FDB06-2A27-431B-BC4B-A126D538FF88}.Debug|x86.Deploy.0 = Debug|x86
		{CE8FDB06-2A27-431B-BC4B-A126D538FF88}.Release|Any CPU.ActiveCfg = Release|x86
		{CE8FDB06-2A27-431B-BC4B-A126D538FF88}.Release|ARM.ActiveCfg = Release|ARM
		{CE8FDB06-2A27-431B-BC4B-A126D538FF88}.Release|ARM.Build.0 = Release|ARM
		{CE8FDB06-2A27-431B-BC4B-A126D538FF88}.Release|ARM.Deploy.0 = Release|ARM
		{CE8FDB06-2A27-431B-BC4B-A126D538FF88}.Release|ARM64.ActiveCfg = Release|ARM64
		{CE8FDB06-2A27-431B-BC4B-A126D538FF88}.Release|ARM64.Build.0 = Release|ARM64
		{CE8FDB06-2A27-431B-BC4B-A126D538FF88}.Release|ARM64.Deploy.0 = Release|ARM64
		{CE8FDB06-2A27-431B-BC4B-A126D538FF88}.Release|x64.ActiveCfg = Release|x64
		{CE8FDB06-2A27-431B-BC4B-A126D538FF88}.Release|x64.Build.0 = Release|x64
		{CE8FDB06-2A27-431B-BC4B-A126D538FF88}.Release|x64.Deploy.0 = Release|x64
		{CE8FDB06-2A27-431B-BC4B-A126D538FF88}.Release|x86.ActiveCfg = Release|x86
		{CE8FDB06-2A27-431B-BC4B-A126D538FF88}.Release|x86.Build.0 = Release|x86
		{CE8FDB06-2A27-431B-BC4B-A126D538FF88}.Release|x86.Deploy.0 = Release|x86
	EndGlobalSection
	GlobalSection(SolutionProperties) = preSolution
		HideSolutionNode = FALSE
	EndGlobalSection
	GlobalSection(ExtensibilityGlobals) = postSolution
		SolutionGuid = {E493AADE-67E8-40D0-8613-979C30368655}
	EndGlobalSection
EndGlobal
